
Microsoft Visual Studio Solution File, Format Version 12.00
# Visual Studio Version 16
VisualStudioVersion = 16.0.30225.117
MinimumVisualStudioVersion = 10.0.40219.1
Project("{F184B08F-C81C-45F6-A57F-5ABD9991F28F}") = "Sathishdemo", "Sathishdemo\Sathishdemo.vbproj", "{E51426DF-C5DD-4D99-A3E2-3AC0363EFCE5}"
EndProject
Global
	GlobalSection(SolutionConfigurationPlatforms) = preSolution
		Debug|Any CPU = Debug|Any CPU
		Release|Any CPU = Release|Any CPU
	EndGlobalSection
	GlobalSection(ProjectConfigurationPlatforms) = postSolution
		{E51426DF-C5DD-4D99-A3E2-3AC0363EFCE5}.Debug|Any CPU.ActiveCfg = Debug|Any CPU
		{E51426DF-C5DD-4D99-A3E2-3AC0363EFCE5}.Debug|Any CPU.Build.0 = Debug|Any CPU
		{E51426DF-C5DD-4D99-A3E2-3AC0363EFCE5}.Release|Any CPU.ActiveCfg = Release|Any CPU
		{E51426DF-C5DD-4D99-A3E2-3AC0363EFCE5}.Release|Any CPU.Build.0 = Release|Any CPU
	EndGlobalSection
	GlobalSection(SolutionProperties) = preSolution
		HideSolutionNode = FALSE
	EndGlobalSection
	GlobalSection(ExtensibilityGlobals) = postSolution
		SolutionGuid = {6D560DAE-0489-4FFD-8881-2C9AABBD8C86}
	EndGlobalSection
EndGlobal
