
Microsoft Visual Studio Solution File, Format Version 12.00
# Visual Studio Version 16
VisualStudioVersion = 16.0.30225.117
MinimumVisualStudioVersion = 10.0.40219.1
Project("{FAE04EC0-301F-11D3-BF4B-00C04F79EFBC}") = "API-1", "API-1\API-1.csproj", "{F9DA6875-C997-4718-9321-105C63BCD8CC}"
EndProject
Project("{FAE04EC0-301F-11D3-BF4B-00C04F79EFBC}") = "MVC 1", "MVC 1\MVC 1.csproj", "{DC080049-AF54-43A9-8C33-1D1580662F53}"
EndProject
Global
	GlobalSection(SolutionConfigurationPlatforms) = preSolution
		Debug|Any CPU = Debug|Any CPU
		Release|Any CPU = Release|Any CPU
	EndGlobalSection
	GlobalSection(ProjectConfigurationPlatforms) = postSolution
		{F9DA6875-C997-4718-9321-105C63BCD8CC}.Debug|Any CPU.ActiveCfg = Debug|Any CPU
		{F9DA6875-C997-4718-9321-105C63BCD8CC}.Debug|Any CPU.Build.0 = Debug|Any CPU
		{F9DA6875-C997-4718-9321-105C63BCD8CC}.Release|Any CPU.ActiveCfg = Release|Any CPU
		{F9DA6875-C997-4718-9321-105C63BCD8CC}.Release|Any CPU.Build.0 = Release|Any CPU
		{DC080049-AF54-43A9-8C33-1D1580662F53}.Debug|Any CPU.ActiveCfg = Debug|Any CPU
		{DC080049-AF54-43A9-8C33-1D1580662F53}.Debug|Any CPU.Build.0 = Debug|Any CPU
		{DC080049-AF54-43A9-8C33-1D1580662F53}.Release|Any CPU.ActiveCfg = Release|Any CPU
		{DC080049-AF54-43A9-8C33-1D1580662F53}.Release|Any CPU.Build.0 = Release|Any CPU
	EndGlobalSection
	GlobalSection(SolutionProperties) = preSolution
		HideSolutionNode = FALSE
	EndGlobalSection
	GlobalSection(ExtensibilityGlobals) = postSolution
		SolutionGuid = {70761C08-BDD2-4A0D-955C-FC7229FD4F72}
	EndGlobalSection
EndGlobal
